
Microsoft Visual Studio Solution File, Format Version 12.00
# Visual Studio 15
VisualStudioVersion = 15.0.27703.2035
MinimumVisualStudioVersion = 10.0.40219.1
Project("{FAE04EC0-301F-11D3-BF4B-00C04F79EFBC}") = "DESCUENTOS", "DESCUENTOS\DESCUENTOS.csproj", "{84024340-3754-4653-9AD2-407C4AC17349}"
EndProject
Project("{2150E333-8FDC-42A3-9474-1A3956D46DE8}") = "DataAccessAplicaciones", "DataAccessAplicaciones", "{39E1873C-8828-43F5-A18E-85CBD53C824E}"
EndProject
Project("{FAE04EC0-301F-11D3-BF4B-00C04F79EFBC}") = "DataAccessDescuentos", "DataAccessDescuentos\DataAccessDescuentos.csproj", "{5FAE59CC-915D-446F-B510-6F02B09FFFAB}"
EndProject
Project("{2150E333-8FDC-42A3-9474-1A3956D46DE8}") = "DataEntitysAplicaciones", "DataEntitysAplicaciones", "{651B133C-7558-4DE2-ADFB-C99880989689}"
EndProject
Project("{FAE04EC0-301F-11D3-BF4B-00C04F79EFBC}") = "DataEntitysDescuentos", "DataEntitysDescuentos\DataEntitysDescuentos.csproj", "{7530B73E-7795-4A89-A69E-1FB00040338F}"
EndProject
Project("{2150E333-8FDC-42A3-9474-1A3956D46DE8}") = "DataLogicsAplicaciones", "DataLogicsAplicaciones", "{5671991F-54C2-41DB-B774-205A902E8742}"
EndProject
Project("{FAE04EC0-301F-11D3-BF4B-00C04F79EFBC}") = "DataLogicsDescuentos", "DataLogicsDescuentos\DataLogicsDescuentos.csproj", "{451C5A24-F733-473A-8FC0-B51A4904E2D7}"
EndProject
Project("{2150E333-8FDC-42A3-9474-1A3956D46DE8}") = "DataServiciesAplicaciones", "DataServiciesAplicaciones", "{DAF74C30-82A7-4E5D-BADC-BEB6BB5E0F93}"
EndProject
Global
	GlobalSection(SolutionConfigurationPlatforms) = preSolution
		Ad-Hoc|Any CPU = Ad-Hoc|Any CPU
		Ad-Hoc|ARM = Ad-Hoc|ARM
		Ad-Hoc|iPhone = Ad-Hoc|iPhone
		Ad-Hoc|iPhoneSimulator = Ad-Hoc|iPhoneSimulator
		Ad-Hoc|x64 = Ad-Hoc|x64
		Ad-Hoc|x86 = Ad-Hoc|x86
		AppStore|Any CPU = AppStore|Any CPU
		AppStore|ARM = AppStore|ARM
		AppStore|iPhone = AppStore|iPhone
		AppStore|iPhoneSimulator = AppStore|iPhoneSimulator
		AppStore|x64 = AppStore|x64
		AppStore|x86 = AppStore|x86
		Debug|Any CPU = Debug|Any CPU
		Debug|ARM = Debug|ARM
		Debug|iPhone = Debug|iPhone
		Debug|iPhoneSimulator = Debug|iPhoneSimulator
		Debug|x64 = Debug|x64
		Debug|x86 = Debug|x86
		Release|Any CPU = Release|Any CPU
		Release|ARM = Release|ARM
		Release|iPhone = Release|iPhone
		Release|iPhoneSimulator = Release|iPhoneSimulator
		Release|x64 = Release|x64
		Release|x86 = Release|x86
	EndGlobalSection
	GlobalSection(ProjectConfigurationPlatforms) = postSolution
		{84024340-3754-4653-9AD2-407C4AC17349}.Ad-Hoc|Any CPU.ActiveCfg = Release|Any CPU
		{84024340-3754-4653-9AD2-407C4AC17349}.Ad-Hoc|Any CPU.Build.0 = Release|Any CPU
		{84024340-3754-4653-9AD2-407C4AC17349}.Ad-Hoc|ARM.ActiveCfg = Release|Any CPU
		{84024340-3754-4653-9AD2-407C4AC17349}.Ad-Hoc|ARM.Build.0 = Release|Any CPU
		{84024340-3754-4653-9AD2-407C4AC17349}.Ad-Hoc|iPhone.ActiveCfg = Release|Any CPU
		{84024340-3754-4653-9AD2-407C4AC17349}.Ad-Hoc|iPhone.Build.0 = Release|Any CPU
		{84024340-3754-4653-9AD2-407C4AC17349}.Ad-Hoc|iPhoneSimulator.ActiveCfg = Release|Any CPU
		{84024340-3754-4653-9AD2-407C4AC17349}.Ad-Hoc|iPhoneSimulator.Build.0 = Release|Any CPU
		{84024340-3754-4653-9AD2-407C4AC17349}.Ad-Hoc|x64.ActiveCfg = Release|Any CPU
		{84024340-3754-4653-9AD2-407C4AC17349}.Ad-Hoc|x64.Build.0 = Release|Any CPU
		{84024340-3754-4653-9AD2-407C4AC17349}.Ad-Hoc|x86.ActiveCfg = Release|Any CPU
		{84024340-3754-4653-9AD2-407C4AC17349}.Ad-Hoc|x86.Build.0 = Release|Any CPU
		{84024340-3754-4653-9AD2-407C4AC17349}.AppStore|Any CPU.ActiveCfg = Release|Any CPU
		{84024340-3754-4653-9AD2-407C4AC17349}.AppStore|Any CPU.Build.0 = Release|Any CPU
		{84024340-3754-4653-9AD2-407C4AC17349}.AppStore|ARM.ActiveCfg = Release|Any CPU
		{84024340-3754-4653-9AD2-407C4AC17349}.AppStore|ARM.Build.0 = Release|Any CPU
		{84024340-3754-4653-9AD2-407C4AC17349}.AppStore|iPhone.ActiveCfg = Release|Any CPU
		{84024340-3754-4653-9AD2-407C4AC17349}.AppStore|iPhone.Build.0 = Release|Any CPU
		{84024340-3754-4653-9AD2-407C4AC17349}.AppStore|iPhoneSimulator.ActiveCfg = Release|Any CPU
		{84024340-3754-4653-9AD2-407C4AC17349}.AppStore|iPhoneSimulator.Build.0 = Release|Any CPU
		{84024340-3754-4653-9AD2-407C4AC17349}.AppStore|x64.ActiveCfg = Release|Any CPU
		{84024340-3754-4653-9AD2-407C4AC17349}.AppStore|x64.Build.0 = Release|Any CPU
		{84024340-3754-4653-9AD2-407C4AC17349}.AppStore|x86.ActiveCfg = Release|Any CPU
		{84024340-3754-4653-9AD2-407C4AC17349}.AppStore|x86.Build.0 = Release|Any CPU
		{84024340-3754-4653-9AD2-407C4AC17349}.Debug|Any CPU.ActiveCfg = Debug|Any CPU
		{84024340-3754-4653-9AD2-407C4AC17349}.Debug|Any CPU.Build.0 = Debug|Any CPU
		{84024340-3754-4653-9AD2-407C4AC17349}.Debug|ARM.ActiveCfg = Debug|Any CPU
		{84024340-3754-4653-9AD2-407C4AC17349}.Debug|ARM.Build.0 = Debug|Any CPU
		{84024340-3754-4653-9AD2-407C4AC17349}.Debug|iPhone.ActiveCfg = Debug|Any CPU
		{84024340-3754-4653-9AD2-407C4AC17349}.Debug|iPhone.Build.0 = Debug|Any CPU
		{84024340-3754-4653-9AD2-407C4AC17349}.Debug|iPhoneSimulator.ActiveCfg = Debug|Any CPU
		{84024340-3754-4653-9AD2-407C4AC17349}.Debug|iPhoneSimulator.Build.0 = Debug|Any CPU
		{84024340-3754-4653-9AD2-407C4AC17349}.Debug|x64.ActiveCfg = Debug|Any CPU
		{84024340-3754-4653-9AD2-407C4AC17349}.Debug|x64.Build.0 = Debug|Any CPU
		{84024340-3754-4653-9AD2-407C4AC17349}.Debug|x86.ActiveCfg = Debug|Any CPU
		{84024340-3754-4653-9AD2-407C4AC17349}.Debug|x86.Build.0 = Debug|Any CPU
		{84024340-3754-4653-9AD2-407C4AC17349}.Release|Any CPU.ActiveCfg = Release|Any CPU
		{84024340-3754-4653-9AD2-407C4AC17349}.Release|Any CPU.Build.0 = Release|Any CPU
		{84024340-3754-4653-9AD2-407C4AC17349}.Release|ARM.ActiveCfg = Release|Any CPU
		{84024340-3754-4653-9AD2-407C4AC17349}.Release|ARM.Build.0 = Release|Any CPU
		{84024340-3754-4653-9AD2-407C4AC17349}.Release|iPhone.ActiveCfg = Release|Any CPU
		{84024340-3754-4653-9AD2-407C4AC17349}.Release|iPhone.Build.0 = Release|Any CPU
		{84024340-3754-4653-9AD2-407C4AC17349}.Release|iPhoneSimulator.ActiveCfg = Release|Any CPU
		{84024340-3754-4653-9AD2-407C4AC17349}.Release|iPhoneSimulator.Build.0 = Release|Any CPU
		{84024340-3754-4653-9AD2-407C4AC17349}.Release|x64.ActiveCfg = Release|Any CPU
		{84024340-3754-4653-9AD2-407C4AC17349}.Release|x64.Build.0 = Release|Any CPU
		{84024340-3754-4653-9AD2-407C4AC17349}.Release|x86.ActiveCfg = Release|Any CPU
		{84024340-3754-4653-9AD2-407C4AC17349}.Release|x86.Build.0 = Release|Any CPU
		{5FAE59CC-915D-446F-B510-6F02B09FFFAB}.Ad-Hoc|Any CPU.ActiveCfg = Release|Any CPU
		{5FAE59CC-915D-446F-B510-6F02B09FFFAB}.Ad-Hoc|Any CPU.Build.0 = Release|Any CPU
		{5FAE59CC-915D-446F-B510-6F02B09FFFAB}.Ad-Hoc|ARM.ActiveCfg = Release|Any CPU
		{5FAE59CC-915D-446F-B510-6F02B09FFFAB}.Ad-Hoc|ARM.Build.0 = Release|Any CPU
		{5FAE59CC-915D-446F-B510-6F02B09FFFAB}.Ad-Hoc|iPhone.ActiveCfg = Release|Any CPU
		{5FAE59CC-915D-446F-B510-6F02B09FFFAB}.Ad-Hoc|iPhone.Build.0 = Release|Any CPU
		{5FAE59CC-915D-446F-B510-6F02B09FFFAB}.Ad-Hoc|iPhoneSimulator.ActiveCfg = Release|Any CPU
		{5FAE59CC-915D-446F-B510-6F02B09FFFAB}.Ad-Hoc|iPhoneSimulator.Build.0 = Release|Any CPU
		{5FAE59CC-915D-446F-B510-6F02B09FFFAB}.Ad-Hoc|x64.ActiveCfg = Release|Any CPU
		{5FAE59CC-915D-446F-B510-6F02B09FFFAB}.Ad-Hoc|x64.Build.0 = Release|Any CPU
		{5FAE59CC-915D-446F-B510-6F02B09FFFAB}.Ad-Hoc|x86.ActiveCfg = Release|Any CPU
		{5FAE59CC-915D-446F-B510-6F02B09FFFAB}.Ad-Hoc|x86.Build.0 = Release|Any CPU
		{5FAE59CC-915D-446F-B510-6F02B09FFFAB}.AppStore|Any CPU.ActiveCfg = Release|Any CPU
		{5FAE59CC-915D-446F-B510-6F02B09FFFAB}.AppStore|Any CPU.Build.0 = Release|Any CPU
		{5FAE59CC-915D-446F-B510-6F02B09FFFAB}.AppStore|ARM.ActiveCfg = Release|Any CPU
		{5FAE59CC-915D-446F-B510-6F02B09FFFAB}.AppStore|ARM.Build.0 = Release|Any CPU
		{5FAE59CC-915D-446F-B510-6F02B09FFFAB}.AppStore|iPhone.ActiveCfg = Release|Any CPU
		{5FAE59CC-915D-446F-B510-6F02B09FFFAB}.AppStore|iPhone.Build.0 = Release|Any CPU
		{5FAE59CC-915D-446F-B510-6F02B09FFFAB}.AppStore|iPhoneSimulator.ActiveCfg = Release|Any CPU
		{5FAE59CC-915D-446F-B510-6F02B09FFFAB}.AppStore|iPhoneSimulator.Build.0 = Release|Any CPU
		{5FAE59CC-915D-446F-B510-6F02B09FFFAB}.AppStore|x64.ActiveCfg = Release|Any CPU
		{5FAE59CC-915D-446F-B510-6F02B09FFFAB}.AppStore|x64.Build.0 = Release|Any CPU
		{5FAE59CC-915D-446F-B510-6F02B09FFFAB}.AppStore|x86.ActiveCfg = Release|Any CPU
		{5FAE59CC-915D-446F-B510-6F02B09FFFAB}.AppStore|x86.Build.0 = Release|Any CPU
		{5FAE59CC-915D-446F-B510-6F02B09FFFAB}.Debug|Any CPU.ActiveCfg = Debug|Any CPU
		{5FAE59CC-915D-446F-B510-6F02B09FFFAB}.Debug|Any CPU.Build.0 = Debug|Any CPU
		{5FAE59CC-915D-446F-B510-6F02B09FFFAB}.Debug|ARM.ActiveCfg = Debug|Any CPU
		{5FAE59CC-915D-446F-B510-6F02B09FFFAB}.Debug|ARM.Build.0 = Debug|Any CPU
		{5FAE59CC-915D-446F-B510-6F02B09FFFAB}.Debug|iPhone.ActiveCfg = Debug|Any CPU
		{5FAE59CC-915D-446F-B510-6F02B09FFFAB}.Debug|iPhone.Build.0 = Debug|Any CPU
		{5FAE59CC-915D-446F-B510-6F02B09FFFAB}.Debug|iPhoneSimulator.ActiveCfg = Debug|Any CPU
		{5FAE59CC-915D-446F-B510-6F02B09FFFAB}.Debug|iPhoneSimulator.Build.0 = Debug|Any CPU
		{5FAE59CC-915D-446F-B510-6F02B09FFFAB}.Debug|x64.ActiveCfg = Debug|Any CPU
		{5FAE59CC-915D-446F-B510-6F02B09FFFAB}.Debug|x64.Build.0 = Debug|Any CPU
		{5FAE59CC-915D-446F-B510-6F02B09FFFAB}.Debug|x86.ActiveCfg = Debug|Any CPU
		{5FAE59CC-915D-446F-B510-6F02B09FFFAB}.Debug|x86.Build.0 = Debug|Any CPU
		{5FAE59CC-915D-446F-B510-6F02B09FFFAB}.Release|Any CPU.ActiveCfg = Release|Any CPU
		{5FAE59CC-915D-446F-B510-6F02B09FFFAB}.Release|Any CPU.Build.0 = Release|Any CPU
		{5FAE59CC-915D-446F-B510-6F02B09FFFAB}.Release|ARM.ActiveCfg = Release|Any CPU
		{5FAE59CC-915D-446F-B510-6F02B09FFFAB}.Release|ARM.Build.0 = Release|Any CPU
		{5FAE59CC-915D-446F-B510-6F02B09FFFAB}.Release|iPhone.ActiveCfg = Release|Any CPU
		{5FAE59CC-915D-446F-B510-6F02B09FFFAB}.Release|iPhone.Build.0 = Release|Any CPU
		{5FAE59CC-915D-446F-B510-6F02B09FFFAB}.Release|iPhoneSimulator.ActiveCfg = Release|Any CPU
		{5FAE59CC-915D-446F-B510-6F02B09FFFAB}.Release|iPhoneSimulator.Build.0 = Release|Any CPU
		{5FAE59CC-915D-446F-B510-6F02B09FFFAB}.Release|x64.ActiveCfg = Release|Any CPU
		{5FAE59CC-915D-446F-B510-6F02B09FFFAB}.Release|x64.Build.0 = Release|Any CPU
		{5FAE59CC-915D-446F-B510-6F02B09FFFAB}.Release|x86.ActiveCfg = Release|Any CPU
		{5FAE59CC-915D-446F-B510-6F02B09FFFAB}.Release|x86.Build.0 = Release|Any CPU
		{7530B73E-7795-4A89-A69E-1FB00040338F}.Ad-Hoc|Any CPU.ActiveCfg = Release|Any CPU
		{7530B73E-7795-4A89-A69E-1FB00040338F}.Ad-Hoc|Any CPU.Build.0 = Release|Any CPU
		{7530B73E-7795-4A89-A69E-1FB00040338F}.Ad-Hoc|ARM.ActiveCfg = Release|Any CPU
		{7530B73E-7795-4A89-A69E-1FB00040338F}.Ad-Hoc|ARM.Build.0 = Release|Any CPU
		{7530B73E-7795-4A89-A69E-1FB00040338F}.Ad-Hoc|iPhone.ActiveCfg = Release|Any CPU
		{7530B73E-7795-4A89-A69E-1FB00040338F}.Ad-Hoc|iPhone.Build.0 = Release|Any CPU
		{7530B73E-7795-4A89-A69E-1FB00040338F}.Ad-Hoc|iPhoneSimulator.ActiveCfg = Release|Any CPU
		{7530B73E-7795-4A89-A69E-1FB00040338F}.Ad-Hoc|iPhoneSimulator.Build.0 = Release|Any CPU
		{7530B73E-7795-4A89-A69E-1FB00040338F}.Ad-Hoc|x64.ActiveCfg = Release|Any CPU
		{7530B73E-7795-4A89-A69E-1FB00040338F}.Ad-Hoc|x64.Build.0 = Release|Any CPU
		{7530B73E-7795-4A89-A69E-1FB00040338F}.Ad-Hoc|x86.ActiveCfg = Release|Any CPU
		{7530B73E-7795-4A89-A69E-1FB00040338F}.Ad-Hoc|x86.Build.0 = Release|Any CPU
		{7530B73E-7795-4A89-A69E-1FB00040338F}.AppStore|Any CPU.ActiveCfg = Release|Any CPU
		{7530B73E-7795-4A89-A69E-1FB00040338F}.AppStore|Any CPU.Build.0 = Release|Any CPU
		{7530B73E-7795-4A89-A69E-1FB00040338F}.AppStore|ARM.ActiveCfg = Release|Any CPU
		{7530B73E-7795-4A89-A69E-1FB00040338F}.AppStore|ARM.Build.0 = Release|Any CPU
		{7530B73E-7795-4A89-A69E-1FB00040338F}.AppStore|iPhone.ActiveCfg = Release|Any CPU
		{7530B73E-7795-4A89-A69E-1FB00040338F}.AppStore|iPhone.Build.0 = Release|Any CPU
		{7530B73E-7795-4A89-A69E-1FB00040338F}.AppStore|iPhoneSimulator.ActiveCfg = Release|Any CPU
		{7530B73E-7795-4A89-A69E-1FB00040338F}.AppStore|iPhoneSimulator.Build.0 = Release|Any CPU
		{7530B73E-7795-4A89-A69E-1FB00040338F}.AppStore|x64.ActiveCfg = Release|Any CPU
		{7530B73E-7795-4A89-A69E-1FB00040338F}.AppStore|x64.Build.0 = Release|Any CPU
		{7530B73E-7795-4A89-A69E-1FB00040338F}.AppStore|x86.ActiveCfg = Release|Any CPU
		{7530B73E-7795-4A89-A69E-1FB00040338F}.AppStore|x86.Build.0 = Release|Any CPU
		{7530B73E-7795-4A89-A69E-1FB00040338F}.Debug|Any CPU.ActiveCfg = Debug|Any CPU
		{7530B73E-7795-4A89-A69E-1FB00040338F}.Debug|Any CPU.Build.0 = Debug|Any CPU
		{7530B73E-7795-4A89-A69E-1FB00040338F}.Debug|ARM.ActiveCfg = Debug|Any CPU
		{7530B73E-7795-4A89-A69E-1FB00040338F}.Debug|ARM.Build.0 = Debug|Any CPU
		{7530B73E-7795-4A89-A69E-1FB00040338F}.Debug|iPhone.ActiveCfg = Debug|Any CPU
		{7530B73E-7795-4A89-A69E-1FB00040338F}.Debug|iPhone.Build.0 = Debug|Any CPU
		{7530B73E-7795-4A89-A69E-1FB00040338F}.Debug|iPhoneSimulator.ActiveCfg = Debug|Any CPU
		{7530B73E-7795-4A89-A69E-1FB00040338F}.Debug|iPhoneSimulator.Build.0 = Debug|Any CPU
		{7530B73E-7795-4A89-A69E-1FB00040338F}.Debug|x64.ActiveCfg = Debug|Any CPU
		{7530B73E-7795-4A89-A69E-1FB00040338F}.Debug|x64.Build.0 = Debug|Any CPU
		{7530B73E-7795-4A89-A69E-1FB00040338F}.Debug|x86.ActiveCfg = Debug|Any CPU
		{7530B73E-7795-4A89-A69E-1FB00040338F}.Debug|x86.Build.0 = Debug|Any CPU
		{7530B73E-7795-4A89-A69E-1FB00040338F}.Release|Any CPU.ActiveCfg = Release|Any CPU
		{7530B73E-7795-4A89-A69E-1FB00040338F}.Release|Any CPU.Build.0 = Release|Any CPU
		{7530B73E-7795-4A89-A69E-1FB00040338F}.Release|ARM.ActiveCfg = Release|Any CPU
		{7530B73E-7795-4A89-A69E-1FB00040338F}.Release|ARM.Build.0 = Release|Any CPU
		{7530B73E-7795-4A89-A69E-1FB00040338F}.Release|iPhone.ActiveCfg = Release|Any CPU
		{7530B73E-7795-4A89-A69E-1FB00040338F}.Release|iPhone.Build.0 = Release|Any CPU
		{7530B73E-7795-4A89-A69E-1FB00040338F}.Release|iPhoneSimulator.ActiveCfg = Release|Any CPU
		{7530B73E-7795-4A89-A69E-1FB00040338F}.Release|iPhoneSimulator.Build.0 = Release|Any CPU
		{7530B73E-7795-4A89-A69E-1FB00040338F}.Release|x64.ActiveCfg = Release|Any CPU
		{7530B73E-7795-4A89-A69E-1FB00040338F}.Release|x64.Build.0 = Release|Any CPU
		{7530B73E-7795-4A89-A69E-1FB00040338F}.Release|x86.ActiveCfg = Release|Any CPU
		{7530B73E-7795-4A89-A69E-1FB00040338F}.Release|x86.Build.0 = Release|Any CPU
		{451C5A24-F733-473A-8FC0-B51A4904E2D7}.Ad-Hoc|Any CPU.ActiveCfg = Release|Any CPU
		{451C5A24-F733-473A-8FC0-B51A4904E2D7}.Ad-Hoc|Any CPU.Build.0 = Release|Any CPU
		{451C5A24-F733-473A-8FC0-B51A4904E2D7}.Ad-Hoc|ARM.ActiveCfg = Release|Any CPU
		{451C5A24-F733-473A-8FC0-B51A4904E2D7}.Ad-Hoc|ARM.Build.0 = Release|Any CPU
		{451C5A24-F733-473A-8FC0-B51A4904E2D7}.Ad-Hoc|iPhone.ActiveCfg = Release|Any CPU
		{451C5A24-F733-473A-8FC0-B51A4904E2D7}.Ad-Hoc|iPhone.Build.0 = Release|Any CPU
		{451C5A24-F733-473A-8FC0-B51A4904E2D7}.Ad-Hoc|iPhoneSimulator.ActiveCfg = Release|Any CPU
		{451C5A24-F733-473A-8FC0-B51A4904E2D7}.Ad-Hoc|iPhoneSimulator.Build.0 = Release|Any CPU
		{451C5A24-F733-473A-8FC0-B51A4904E2D7}.Ad-Hoc|x64.ActiveCfg = Release|Any CPU
		{451C5A24-F733-473A-8FC0-B51A4904E2D7}.Ad-Hoc|x64.Build.0 = Release|Any CPU
		{451C5A24-F733-473A-8FC0-B51A4904E2D7}.Ad-Hoc|x86.ActiveCfg = Release|Any CPU
		{451C5A24-F733-473A-8FC0-B51A4904E2D7}.Ad-Hoc|x86.Build.0 = Release|Any CPU
		{451C5A24-F733-473A-8FC0-B51A4904E2D7}.AppStore|Any CPU.ActiveCfg = Release|Any CPU
		{451C5A24-F733-473A-8FC0-B51A4904E2D7}.AppStore|Any CPU.Build.0 = Release|Any CPU
		{451C5A24-F733-473A-8FC0-B51A4904E2D7}.AppStore|ARM.ActiveCfg = Release|Any CPU
		{451C5A24-F733-473A-8FC0-B51A4904E2D7}.AppStore|ARM.Build.0 = Release|Any CPU
		{451C5A24-F733-473A-8FC0-B51A4904E2D7}.AppStore|iPhone.ActiveCfg = Release|Any CPU
		{451C5A24-F733-473A-8FC0-B51A4904E2D7}.AppStore|iPhone.Build.0 = Release|Any CPU
		{451C5A24-F733-473A-8FC0-B51A4904E2D7}.AppStore|iPhoneSimulator.ActiveCfg = Release|Any CPU
		{451C5A24-F733-473A-8FC0-B51A4904E2D7}.AppStore|iPhoneSimulator.Build.0 = Release|Any CPU
		{451C5A24-F733-473A-8FC0-B51A4904E2D7}.AppStore|x64.ActiveCfg = Release|Any CPU
		{451C5A24-F733-473A-8FC0-B51A4904E2D7}.AppStore|x64.Build.0 = Release|Any CPU
		{451C5A24-F733-473A-8FC0-B51A4904E2D7}.AppStore|x86.ActiveCfg = Release|Any CPU
		{451C5A24-F733-473A-8FC0-B51A4904E2D7}.AppStore|x86.Build.0 = Release|Any CPU
		{451C5A24-F733-473A-8FC0-B51A4904E2D7}.Debug|Any CPU.ActiveCfg = Debug|Any CPU
		{451C5A24-F733-473A-8FC0-B51A4904E2D7}.Debug|Any CPU.Build.0 = Debug|Any CPU
		{451C5A24-F733-473A-8FC0-B51A4904E2D7}.Debug|ARM.ActiveCfg = Debug|Any CPU
		{451C5A24-F733-473A-8FC0-B51A4904E2D7}.Debug|ARM.Build.0 = Debug|Any CPU
		{451C5A24-F733-473A-8FC0-B51A4904E2D7}.Debug|iPhone.ActiveCfg = Debug|Any CPU
		{451C5A24-F733-473A-8FC0-B51A4904E2D7}.Debug|iPhone.Build.0 = Debug|Any CPU
		{451C5A24-F733-473A-8FC0-B51A4904E2D7}.Debug|iPhoneSimulator.ActiveCfg = Debug|Any CPU
		{451C5A24-F733-473A-8FC0-B51A4904E2D7}.Debug|iPhoneSimulator.Build.0 = Debug|Any CPU
		{451C5A24-F733-473A-8FC0-B51A4904E2D7}.Debug|x64.ActiveCfg = Debug|Any CPU
		{451C5A24-F733-473A-8FC0-B51A4904E2D7}.Debug|x64.Build.0 = Debug|Any CPU
		{451C5A24-F733-473A-8FC0-B51A4904E2D7}.Debug|x86.ActiveCfg = Debug|Any CPU
		{451C5A24-F733-473A-8FC0-B51A4904E2D7}.Debug|x86.Build.0 = Debug|Any CPU
		{451C5A24-F733-473A-8FC0-B51A4904E2D7}.Release|Any CPU.ActiveCfg = Release|Any CPU
		{451C5A24-F733-473A-8FC0-B51A4904E2D7}.Release|Any CPU.Build.0 = Release|Any CPU
		{451C5A24-F733-473A-8FC0-B51A4904E2D7}.Release|ARM.ActiveCfg = Release|Any CPU
		{451C5A24-F733-473A-8FC0-B51A4904E2D7}.Release|ARM.Build.0 = Release|Any CPU
		{451C5A24-F733-473A-8FC0-B51A4904E2D7}.Release|iPhone.ActiveCfg = Release|Any CPU
		{451C5A24-F733-473A-8FC0-B51A4904E2D7}.Release|iPhone.Build.0 = Release|Any CPU
		{451C5A24-F733-473A-8FC0-B51A4904E2D7}.Release|iPhoneSimulator.ActiveCfg = Release|Any CPU
		{451C5A24-F733-473A-8FC0-B51A4904E2D7}.Release|iPhoneSimulator.Build.0 = Release|Any CPU
		{451C5A24-F733-473A-8FC0-B51A4904E2D7}.Release|x64.ActiveCfg = Release|Any CPU
		{451C5A24-F733-473A-8FC0-B51A4904E2D7}.Release|x64.Build.0 = Release|Any CPU
		{451C5A24-F733-473A-8FC0-B51A4904E2D7}.Release|x86.ActiveCfg = Release|Any CPU
		{451C5A24-F733-473A-8FC0-B51A4904E2D7}.Release|x86.Build.0 = Release|Any CPU
	EndGlobalSection
	GlobalSection(SolutionProperties) = preSolution
		HideSolutionNode = FALSE
	EndGlobalSection
	GlobalSection(NestedProjects) = preSolution
		{84024340-3754-4653-9AD2-407C4AC17349} = {DAF74C30-82A7-4E5D-BADC-BEB6BB5E0F93}
		{5FAE59CC-915D-446F-B510-6F02B09FFFAB} = {39E1873C-8828-43F5-A18E-85CBD53C824E}
		{7530B73E-7795-4A89-A69E-1FB00040338F} = {651B133C-7558-4DE2-ADFB-C99880989689}
		{451C5A24-F733-473A-8FC0-B51A4904E2D7} = {5671991F-54C2-41DB-B774-205A902E8742}
	EndGlobalSection
	GlobalSection(ExtensibilityGlobals) = postSolution
		SolutionGuid = {AF26C761-C8FC-4EB9-BC7C-EEBA08567970}
	EndGlobalSection
EndGlobal
